
Microsoft Visual Studio Solution File, Format Version 12.00
# Visual Studio Version 17
VisualStudioVersion = 17.9.34728.123
MinimumVisualStudioVersion = 10.0.40219.1
Project("{FAE04EC0-301F-11D3-BF4B-00C04F79EFBC}") = "Business", "Business\Business.csproj", "{7F0CA9FE-D1AC-4AA0-8AB2-E7FE2C843440}"
EndProject
Project("{FAE04EC0-301F-11D3-BF4B-00C04F79EFBC}") = "DataAccess", "DataAccess\DataAccess.csproj", "{88544FA7-39C4-4D98-AE8E-DC622EC45401}"
EndProject
Project("{FAE04EC0-301F-11D3-BF4B-00C04F79EFBC}") = "Entities", "Entities\Entities.csproj", "{5A55D306-6805-484C-B307-59259B6F5F72}"
EndProject
Project("{FAE04EC0-301F-11D3-BF4B-00C04F79EFBC}") = "Core", "Core\Core.csproj", "{CFE4CE89-1868-4C9B-86F5-531FEFBAFF58}"
EndProject
Project("{FAE04EC0-301F-11D3-BF4B-00C04F79EFBC}") = "WebAPI", "WebAPI\WebAPI.csproj", "{8149BADD-B7DA-4FD1-A888-3CD75D0DAF04}"
EndProject
Global
	GlobalSection(SolutionConfigurationPlatforms) = preSolution
		Debug|Any CPU = Debug|Any CPU
		Release|Any CPU = Release|Any CPU
	EndGlobalSection
	GlobalSection(ProjectConfigurationPlatforms) = postSolution
		{7F0CA9FE-D1AC-4AA0-8AB2-E7FE2C843440}.Debug|Any CPU.ActiveCfg = Debug|Any CPU
		{7F0CA9FE-D1AC-4AA0-8AB2-E7FE2C843440}.Debug|Any CPU.Build.0 = Debug|Any CPU
		{7F0CA9FE-D1AC-4AA0-8AB2-E7FE2C843440}.Release|Any CPU.ActiveCfg = Release|Any CPU
		{7F0CA9FE-D1AC-4AA0-8AB2-E7FE2C843440}.Release|Any CPU.Build.0 = Release|Any CPU
		{88544FA7-39C4-4D98-AE8E-DC622EC45401}.Debug|Any CPU.ActiveCfg = Debug|Any CPU
		{88544FA7-39C4-4D98-AE8E-DC622EC45401}.Debug|Any CPU.Build.0 = Debug|Any CPU
		{88544FA7-39C4-4D98-AE8E-DC622EC45401}.Release|Any CPU.ActiveCfg = Release|Any CPU
		{88544FA7-39C4-4D98-AE8E-DC622EC45401}.Release|Any CPU.Build.0 = Release|Any CPU
		{5A55D306-6805-484C-B307-59259B6F5F72}.Debug|Any CPU.ActiveCfg = Debug|Any CPU
		{5A55D306-6805-484C-B307-59259B6F5F72}.Debug|Any CPU.Build.0 = Debug|Any CPU
		{5A55D306-6805-484C-B307-59259B6F5F72}.Release|Any CPU.ActiveCfg = Release|Any CPU
		{5A55D306-6805-484C-B307-59259B6F5F72}.Release|Any CPU.Build.0 = Release|Any CPU
		{CFE4CE89-1868-4C9B-86F5-531FEFBAFF58}.Debug|Any CPU.ActiveCfg = Debug|Any CPU
		{CFE4CE89-1868-4C9B-86F5-531FEFBAFF58}.Debug|Any CPU.Build.0 = Debug|Any CPU
		{CFE4CE89-1868-4C9B-86F5-531FEFBAFF58}.Release|Any CPU.ActiveCfg = Release|Any CPU
		{CFE4CE89-1868-4C9B-86F5-531FEFBAFF58}.Release|Any CPU.Build.0 = Release|Any CPU
		{8149BADD-B7DA-4FD1-A888-3CD75D0DAF04}.Debug|Any CPU.ActiveCfg = Debug|Any CPU
		{8149BADD-B7DA-4FD1-A888-3CD75D0DAF04}.Debug|Any CPU.Build.0 = Debug|Any CPU
		{8149BADD-B7DA-4FD1-A888-3CD75D0DAF04}.Release|Any CPU.ActiveCfg = Release|Any CPU
		{8149BADD-B7DA-4FD1-A888-3CD75D0DAF04}.Release|Any CPU.Build.0 = Release|Any CPU
	EndGlobalSection
	GlobalSection(SolutionProperties) = preSolution
		HideSolutionNode = FALSE
	EndGlobalSection
	GlobalSection(ExtensibilityGlobals) = postSolution
		SolutionGuid = {8BC20A94-2936-411A-9D39-FC76D5624B27}
	EndGlobalSection
EndGlobal
